{
  "version": "v1",
  "packages": {
    "@jpex/babel-plugin": {
      "signature": "65e5c9fba6bfce8c8adb99095124186f",
      "file": true
    },
    "jpex": {
      "signature": "142efcfc610f1b42107dc1a9dd8879e8",
      "file": true
    },
    "react-jpex": {
      "signature": "e7645cf3dd5a13aa544aaef667296947",
      "file": true
    }
  }
}